
Microsoft Visual Studio Solution File, Format Version 12.00
# Visual Studio Version 16
VisualStudioVersion = 16.0.30907.101
MinimumVisualStudioVersion = 10.0.40219.1
Project("{9A19103F-16F7-4668-BE54-9A1E7A4F7556}") = "client", "client\client.csproj", "{7D6E46FB-CDC7-42B8-B7A6-7549F65A0409}"
EndProject
Global
	GlobalSection(SolutionConfigurationPlatforms) = preSolution
		Debug|Any CPU = Debug|Any CPU
		Release|Any CPU = Release|Any CPU
	EndGlobalSection
	GlobalSection(ProjectConfigurationPlatforms) = postSolution
		{7D6E46FB-CDC7-42B8-B7A6-7549F65A0409}.Debug|Any CPU.ActiveCfg = Debug|Any CPU
		{7D6E46FB-CDC7-42B8-B7A6-7549F65A0409}.Debug|Any CPU.Build.0 = Debug|Any CPU
		{7D6E46FB-CDC7-42B8-B7A6-7549F65A0409}.Release|Any CPU.ActiveCfg = Release|Any CPU
		{7D6E46FB-CDC7-42B8-B7A6-7549F65A0409}.Release|Any CPU.Build.0 = Release|Any CPU
	EndGlobalSection
	GlobalSection(SolutionProperties) = preSolution
		HideSolutionNode = FALSE
	EndGlobalSection
	GlobalSection(ExtensibilityGlobals) = postSolution
		SolutionGuid = {2DF8BF3C-1C8E-44C3-8A2D-CF6D50F671D1}
	EndGlobalSection
EndGlobal
